
Microsoft Visual Studio Solution File, Format Version 12.00
# Visual Studio Version 16
VisualStudioVersion = 16.0.30523.141
MinimumVisualStudioVersion = 10.0.40219.1
Project("{FAE04EC0-301F-11D3-BF4B-00C04F79EFBC}") = "IGSMarketPlace.API", "IGSMarketPlace.API\IGSMarketPlace.API.csproj", "{4D83AB62-A3A1-4E51-9A20-C93D693C5B6F}"
EndProject
Global
	GlobalSection(SolutionConfigurationPlatforms) = preSolution
		Debug|Any CPU = Debug|Any CPU
		Release|Any CPU = Release|Any CPU
	EndGlobalSection
	GlobalSection(ProjectConfigurationPlatforms) = postSolution
		{4D83AB62-A3A1-4E51-9A20-C93D693C5B6F}.Debug|Any CPU.ActiveCfg = Debug|Any CPU
		{4D83AB62-A3A1-4E51-9A20-C93D693C5B6F}.Debug|Any CPU.Build.0 = Debug|Any CPU
		{4D83AB62-A3A1-4E51-9A20-C93D693C5B6F}.Release|Any CPU.ActiveCfg = Release|Any CPU
		{4D83AB62-A3A1-4E51-9A20-C93D693C5B6F}.Release|Any CPU.Build.0 = Release|Any CPU
	EndGlobalSection
	GlobalSection(SolutionProperties) = preSolution
		HideSolutionNode = FALSE
	EndGlobalSection
	GlobalSection(ExtensibilityGlobals) = postSolution
		SolutionGuid = {25048D15-566E-400D-93CA-6BCD1C35DE3B}
	EndGlobalSection
EndGlobal
